// !$*UTF8*$!
{
	archiveVersion = 1;
	classes = {
	};
	objectVersion = 56;
	objects = {

/* Begin PBXBuildFile section */
		2D460B052B3B10EB004E3B35 /* Endpoint.swift in Sources */ = {isa = PBXBuildFile; fileRef = 2D460B042B3B10EB004E3B35 /* Endpoint.swift */; };
		2D460B072B3B1106004E3B35 /* DataTransport.swift in Sources */ = {isa = PBXBuildFile; fileRef = 2D460B062B3B1106004E3B35 /* DataTransport.swift */; };
		2D460B092B3B1127004E3B35 /* DataTransportService.swift in Sources */ = {isa = PBXBuildFile; fileRef = 2D460B082B3B1127004E3B35 /* DataTransportService.swift */; };
		2D460B0B2B3B1156004E3B35 /* ServiceError.swift in Sources */ = {isa = PBXBuildFile; fileRef = 2D460B0A2B3B1156004E3B35 /* ServiceError.swift */; };
		2D460B0F2B3B1DE6004E3B35 /* ImagesUseCase.swift in Sources */ = {isa = PBXBuildFile; fileRef = 2D460B0E2B3B1DE6004E3B35 /* ImagesUseCase.swift */; };
		2D460B122B3B1E05004E3B35 /* Resolver in Frameworks */ = {isa = PBXBuildFile; productRef = 2D460B112B3B1E05004E3B35 /* Resolver */; };
		2D460B142B3B1E1D004E3B35 /* ImagesGateway.swift in Sources */ = {isa = PBXBuildFile; fileRef = 2D460B132B3B1E1D004E3B35 /* ImagesGateway.swift */; };
		2D460B172B3B1E93004E3B35 /* Resolver + Injection.swift in Sources */ = {isa = PBXBuildFile; fileRef = 2D460B162B3B1E93004E3B35 /* Resolver + Injection.swift */; };
		2D460B1A2B3B1EEF004E3B35 /* ApiImages.swift in Sources */ = {isa = PBXBuildFile; fileRef = 2D460B192B3B1EEF004E3B35 /* ApiImages.swift */; };
		2D460B1D2B3B1F49004E3B35 /* ImageModel.swift in Sources */ = {isa = PBXBuildFile; fileRef = 2D460B1C2B3B1F49004E3B35 /* ImageModel.swift */; };
		2DF11C7E2B3AAE4A009D5EE4 /* AppDelegate.swift in Sources */ = {isa = PBXBuildFile; fileRef = 2DF11C7D2B3AAE4A009D5EE4 /* AppDelegate.swift */; };
		2DF11C802B3AAE4A009D5EE4 /* SceneDelegate.swift in Sources */ = {isa = PBXBuildFile; fileRef = 2DF11C7F2B3AAE4A009D5EE4 /* SceneDelegate.swift */; };
		2DF11C822B3AAE4A009D5EE4 /* ViewController.swift in Sources */ = {isa = PBXBuildFile; fileRef = 2DF11C812B3AAE4A009D5EE4 /* ViewController.swift */; };
		2DF11C872B3AAE4B009D5EE4 /* Assets.xcassets in Resources */ = {isa = PBXBuildFile; fileRef = 2DF11C862B3AAE4B009D5EE4 /* Assets.xcassets */; };
		2DF11C8A2B3AAE4B009D5EE4 /* LaunchScreen.storyboard in Resources */ = {isa = PBXBuildFile; fileRef = 2DF11C882B3AAE4B009D5EE4 /* LaunchScreen.storyboard */; };
/* End PBXBuildFile section */

/* Begin PBXFileReference section */
		2D460B042B3B10EB004E3B35 /* Endpoint.swift */ = {isa = PBXFileReference; lastKnownFileType = sourcecode.swift; path = Endpoint.swift; sourceTree = "<group>"; };
		2D460B062B3B1106004E3B35 /* DataTransport.swift */ = {isa = PBXFileReference; lastKnownFileType = sourcecode.swift; path = DataTransport.swift; sourceTree = "<group>"; };
		2D460B082B3B1127004E3B35 /* DataTransportService.swift */ = {isa = PBXFileReference; lastKnownFileType = sourcecode.swift; path = DataTransportService.swift; sourceTree = "<group>"; };
		2D460B0A2B3B1156004E3B35 /* ServiceError.swift */ = {isa = PBXFileReference; lastKnownFileType = sourcecode.swift; path = ServiceError.swift; sourceTree = "<group>"; };
		2D460B0E2B3B1DE6004E3B35 /* ImagesUseCase.swift */ = {isa = PBXFileReference; lastKnownFileType = sourcecode.swift; path = ImagesUseCase.swift; sourceTree = "<group>"; };
		2D460B132B3B1E1D004E3B35 /* ImagesGateway.swift */ = {isa = PBXFileReference; lastKnownFileType = sourcecode.swift; path = ImagesGateway.swift; sourceTree = "<group>"; };
		2D460B162B3B1E93004E3B35 /* Resolver + Injection.swift */ = {isa = PBXFileReference; lastKnownFileType = sourcecode.swift; path = "Resolver + Injection.swift"; sourceTree = "<group>"; };
		2D460B192B3B1EEF004E3B35 /* ApiImages.swift */ = {isa = PBXFileReference; lastKnownFileType = sourcecode.swift; path = ApiImages.swift; sourceTree = "<group>"; };
		2D460B1C2B3B1F49004E3B35 /* ImageModel.swift */ = {isa = PBXFileReference; lastKnownFileType = sourcecode.swift; path = ImageModel.swift; sourceTree = "<group>"; };
		2DF11C7A2B3AAE4A009D5EE4 /* PixaBayImageExplorer.app */ = {isa = PBXFileReference; explicitFileType = wrapper.application; includeInIndex = 0; path = PixaBayImageExplorer.app; sourceTree = BUILT_PRODUCTS_DIR; };
		2DF11C7D2B3AAE4A009D5EE4 /* AppDelegate.swift */ = {isa = PBXFileReference; lastKnownFileType = sourcecode.swift; path = AppDelegate.swift; sourceTree = "<group>"; };
		2DF11C7F2B3AAE4A009D5EE4 /* SceneDelegate.swift */ = {isa = PBXFileReference; lastKnownFileType = sourcecode.swift; path = SceneDelegate.swift; sourceTree = "<group>"; };
		2DF11C812B3AAE4A009D5EE4 /* ViewController.swift */ = {isa = PBXFileReference; lastKnownFileType = sourcecode.swift; path = ViewController.swift; sourceTree = "<group>"; };
		2DF11C862B3AAE4B009D5EE4 /* Assets.xcassets */ = {isa = PBXFileReference; lastKnownFileType = folder.assetcatalog; path = Assets.xcassets; sourceTree = "<group>"; };
		2DF11C892B3AAE4B009D5EE4 /* Base */ = {isa = PBXFileReference; lastKnownFileType = file.storyboard; name = Base; path = Base.lproj/LaunchScreen.storyboard; sourceTree = "<group>"; };
		2DF11C8B2B3AAE4B009D5EE4 /* Info.plist */ = {isa = PBXFileReference; lastKnownFileType = text.plist.xml; path = Info.plist; sourceTree = "<group>"; };
/* End PBXFileReference section */

/* Begin PBXFrameworksBuildPhase section */
		2DF11C772B3AAE4A009D5EE4 /* Frameworks */ = {
			isa = PBXFrameworksBuildPhase;
			buildActionMask = 2147483647;
			files = (
				2D460B122B3B1E05004E3B35 /* Resolver in Frameworks */,
			);
			runOnlyForDeploymentPostprocessing = 0;
		};
/* End PBXFrameworksBuildPhase section */

/* Begin PBXGroup section */
		2D460AFF2B3B0F47004E3B35 /* App */ = {
			isa = PBXGroup;
			children = (
				2DF11C7D2B3AAE4A009D5EE4 /* AppDelegate.swift */,
				2DF11C7F2B3AAE4A009D5EE4 /* SceneDelegate.swift */,
			);
			path = App;
			sourceTree = "<group>";
		};
		2D460B002B3B0F60004E3B35 /* Resources */ = {
			isa = PBXGroup;
			children = (
				2DF11C882B3AAE4B009D5EE4 /* LaunchScreen.storyboard */,
				2DF11C862B3AAE4B009D5EE4 /* Assets.xcassets */,
			);
			path = Resources;
			sourceTree = "<group>";
		};
		2D460B012B3B0F85004E3B35 /* NetworkLayer */ = {
			isa = PBXGroup;
			children = (
				2D460B042B3B10EB004E3B35 /* Endpoint.swift */,
				2D460B062B3B1106004E3B35 /* DataTransport.swift */,
				2D460B082B3B1127004E3B35 /* DataTransportService.swift */,
				2D460B0A2B3B1156004E3B35 /* ServiceError.swift */,
			);
			path = NetworkLayer;
			sourceTree = "<group>";
		};
		2D460B022B3B0FC7004E3B35 /* Core */ = {
			isa = PBXGroup;
			children = (
				2D460B1B2B3B1F14004E3B35 /* Models */,
				2D460B182B3B1ECD004E3B35 /* ApiModels */,
				2D460B152B3B1E7A004E3B35 /* Extensions */,
				2D460B0D2B3B1DBC004E3B35 /* UseCases */,
				2D460B0C2B3B1DAB004E3B35 /* Gateways */,
			);
			path = Core;
			sourceTree = "<group>";
		};
		2D460B032B3B0FDD004E3B35 /* Scenes */ = {
			isa = PBXGroup;
			children = (
			);
			path = Scenes;
			sourceTree = "<group>";
		};
		2D460B0C2B3B1DAB004E3B35 /* Gateways */ = {
			isa = PBXGroup;
			children = (
				2D460B132B3B1E1D004E3B35 /* ImagesGateway.swift */,
			);
			path = Gateways;
			sourceTree = "<group>";
		};
		2D460B0D2B3B1DBC004E3B35 /* UseCases */ = {
			isa = PBXGroup;
			children = (
				2D460B0E2B3B1DE6004E3B35 /* ImagesUseCase.swift */,
			);
			path = UseCases;
			sourceTree = "<group>";
		};
		2D460B152B3B1E7A004E3B35 /* Extensions */ = {
			isa = PBXGroup;
			children = (
				2D460B162B3B1E93004E3B35 /* Resolver + Injection.swift */,
			);
			path = Extensions;
			sourceTree = "<group>";
		};
		2D460B182B3B1ECD004E3B35 /* ApiModels */ = {
			isa = PBXGroup;
			children = (
				2D460B192B3B1EEF004E3B35 /* ApiImages.swift */,
			);
			path = ApiModels;
			sourceTree = "<group>";
		};
		2D460B1B2B3B1F14004E3B35 /* Models */ = {
			isa = PBXGroup;
			children = (
				2D460B1C2B3B1F49004E3B35 /* ImageModel.swift */,
			);
			path = Models;
			sourceTree = "<group>";
		};
		2DF11C712B3AAE4A009D5EE4 = {
			isa = PBXGroup;
			children = (
				2DF11C7C2B3AAE4A009D5EE4 /* PixaBayImageExplorer */,
				2DF11C7B2B3AAE4A009D5EE4 /* Products */,
			);
			sourceTree = "<group>";
		};
		2DF11C7B2B3AAE4A009D5EE4 /* Products */ = {
			isa = PBXGroup;
			children = (
				2DF11C7A2B3AAE4A009D5EE4 /* PixaBayImageExplorer.app */,
			);
			name = Products;
			sourceTree = "<group>";
		};
		2DF11C7C2B3AAE4A009D5EE4 /* PixaBayImageExplorer */ = {
			isa = PBXGroup;
			children = (
				2DF11C8B2B3AAE4B009D5EE4 /* Info.plist */,
				2D460AFF2B3B0F47004E3B35 /* App */,
				2D460B002B3B0F60004E3B35 /* Resources */,
				2D460B012B3B0F85004E3B35 /* NetworkLayer */,
				2D460B022B3B0FC7004E3B35 /* Core */,
				2D460B032B3B0FDD004E3B35 /* Scenes */,
				2DF11C812B3AAE4A009D5EE4 /* ViewController.swift */,
			);
			path = PixaBayImageExplorer;
			sourceTree = "<group>";
		};
/* End PBXGroup section */

/* Begin PBXNativeTarget section */
		2DF11C792B3AAE4A009D5EE4 /* PixaBayImageExplorer */ = {
			isa = PBXNativeTarget;
			buildConfigurationList = 2DF11C8E2B3AAE4B009D5EE4 /* Build configuration list for PBXNativeTarget "PixaBayImageExplorer" */;
			buildPhases = (
				2DF11C762B3AAE4A009D5EE4 /* Sources */,
				2DF11C772B3AAE4A009D5EE4 /* Frameworks */,
				2DF11C782B3AAE4A009D5EE4 /* Resources */,
			);
			buildRules = (
			);
			dependencies = (
			);
			name = PixaBayImageExplorer;
			packageProductDependencies = (
				2D460B112B3B1E05004E3B35 /* Resolver */,
			);
			productName = PixaBayImageExplorer;
			productReference = 2DF11C7A2B3AAE4A009D5EE4 /* PixaBayImageExplorer.app */;
			productType = "com.apple.product-type.application";
		};
/* End PBXNativeTarget section */

/* Begin PBXProject section */
		2DF11C722B3AAE4A009D5EE4 /* Project object */ = {
			isa = PBXProject;
			attributes = {
				BuildIndependentTargetsInParallel = 1;
				LastSwiftUpdateCheck = 1430;
				LastUpgradeCheck = 1430;
				TargetAttributes = {
					2DF11C792B3AAE4A009D5EE4 = {
						CreatedOnToolsVersion = 14.3.1;
					};
				};
			};
			buildConfigurationList = 2DF11C752B3AAE4A009D5EE4 /* Build configuration list for PBXProject "PixaBayImageExplorer" */;
			compatibilityVersion = "Xcode 14.0";
			developmentRegion = en;
			hasScannedForEncodings = 0;
			knownRegions = (
				en,
				Base,
			);
			mainGroup = 2DF11C712B3AAE4A009D5EE4;
			packageReferences = (
				2D460B102B3B1E05004E3B35 /* XCRemoteSwiftPackageReference "Resolver" */,
			);
			productRefGroup = 2DF11C7B2B3AAE4A009D5EE4 /* Products */;
			projectDirPath = "";
			projectRoot = "";
			targets = (
				2DF11C792B3AAE4A009D5EE4 /* PixaBayImageExplorer */,
			);
		};
/* End PBXProject section */

/* Begin PBXResourcesBuildPhase section */
		2DF11C782B3AAE4A009D5EE4 /* Resources */ = {
			isa = PBXResourcesBuildPhase;
			buildActionMask = 2147483647;
			files = (
				2DF11C8A2B3AAE4B009D5EE4 /* LaunchScreen.storyboard in Resources */,
				2DF11C872B3AAE4B009D5EE4 /* Assets.xcassets in Resources */,
			);
			runOnlyForDeploymentPostprocessing = 0;
		};
/* End PBXResourcesBuildPhase section */

/* Begin PBXSourcesBuildPhase section */
		2DF11C762B3AAE4A009D5EE4 /* Sources */ = {
			isa = PBXSourcesBuildPhase;
			buildActionMask = 2147483647;
			files = (
				2D460B142B3B1E1D004E3B35 /* ImagesGateway.swift in Sources */,
				2DF11C822B3AAE4A009D5EE4 /* ViewController.swift in Sources */,
				2DF11C7E2B3AAE4A009D5EE4 /* AppDelegate.swift in Sources */,
				2D460B172B3B1E93004E3B35 /* Resolver + Injection.swift in Sources */,
				2D460B1A2B3B1EEF004E3B35 /* ApiImages.swift in Sources */,
				2D460B052B3B10EB004E3B35 /* Endpoint.swift in Sources */,
				2D460B072B3B1106004E3B35 /* DataTransport.swift in Sources */,
				2D460B1D2B3B1F49004E3B35 /* ImageModel.swift in Sources */,
				2DF11C802B3AAE4A009D5EE4 /* SceneDelegate.swift in Sources */,
				2D460B0F2B3B1DE6004E3B35 /* ImagesUseCase.swift in Sources */,
				2D460B0B2B3B1156004E3B35 /* ServiceError.swift in Sources */,
				2D460B092B3B1127004E3B35 /* DataTransportService.swift in Sources */,
			);
			runOnlyForDeploymentPostprocessing = 0;
		};
/* End PBXSourcesBuildPhase section */

/* Begin PBXVariantGroup section */
		2DF11C882B3AAE4B009D5EE4 /* LaunchScreen.storyboard */ = {
			isa = PBXVariantGroup;
			children = (
				2DF11C892B3AAE4B009D5EE4 /* Base */,
			);
			name = LaunchScreen.storyboard;
			sourceTree = "<group>";
		};
/* End PBXVariantGroup section */

/* Begin XCBuildConfiguration section */
		2DF11C8C2B3AAE4B009D5EE4 /* Debug */ = {
			isa = XCBuildConfiguration;
			buildSettings = {
				ALWAYS_SEARCH_USER_PATHS = NO;
				CLANG_ANALYZER_NONNULL = YES;
				CLANG_ANALYZER_NUMBER_OBJECT_CONVERSION = YES_AGGRESSIVE;
				CLANG_CXX_LANGUAGE_STANDARD = "gnu++20";
				CLANG_ENABLE_MODULES = YES;
				CLANG_ENABLE_OBJC_ARC = YES;
				CLANG_ENABLE_OBJC_WEAK = YES;
				CLANG_WARN_BLOCK_CAPTURE_AUTORELEASING = YES;
				CLANG_WARN_BOOL_CONVERSION = YES;
				CLANG_WARN_COMMA = YES;
				CLANG_WARN_CONSTANT_CONVERSION = YES;
				CLANG_WARN_DEPRECATED_OBJC_IMPLEMENTATIONS = YES;
				CLANG_WARN_DIRECT_OBJC_ISA_USAGE = YES_ERROR;
				CLANG_WARN_DOCUMENTATION_COMMENTS = YES;
				CLANG_WARN_EMPTY_BODY = YES;
				CLANG_WARN_ENUM_CONVERSION = YES;
				CLANG_WARN_INFINITE_RECURSION = YES;
				CLANG_WARN_INT_CONVERSION = YES;
				CLANG_WARN_NON_LITERAL_NULL_CONVERSION = YES;
				CLANG_WARN_OBJC_IMPLICIT_RETAIN_SELF = YES;
				CLANG_WARN_OBJC_LITERAL_CONVERSION = YES;
				CLANG_WARN_OBJC_ROOT_CLASS = YES_ERROR;
				CLANG_WARN_QUOTED_INCLUDE_IN_FRAMEWORK_HEADER = YES;
				CLANG_WARN_RANGE_LOOP_ANALYSIS = YES;
				CLANG_WARN_STRICT_PROTOTYPES = YES;
				CLANG_WARN_SUSPICIOUS_MOVE = YES;
				CLANG_WARN_UNGUARDED_AVAILABILITY = YES_AGGRESSIVE;
				CLANG_WARN_UNREACHABLE_CODE = YES;
				CLANG_WARN__DUPLICATE_METHOD_MATCH = YES;
				COPY_PHASE_STRIP = NO;
				DEBUG_INFORMATION_FORMAT = dwarf;
				ENABLE_STRICT_OBJC_MSGSEND = YES;
				ENABLE_TESTABILITY = YES;
				GCC_C_LANGUAGE_STANDARD = gnu11;
				GCC_DYNAMIC_NO_PIC = NO;
				GCC_NO_COMMON_BLOCKS = YES;
				GCC_OPTIMIZATION_LEVEL = 0;
				GCC_PREPROCESSOR_DEFINITIONS = (
					"DEBUG=1",
					"$(inherited)",
				);
				GCC_WARN_64_TO_32_BIT_CONVERSION = YES;
				GCC_WARN_ABOUT_RETURN_TYPE = YES_ERROR;
				GCC_WARN_UNDECLARED_SELECTOR = YES;
				GCC_WARN_UNINITIALIZED_AUTOS = YES_AGGRESSIVE;
				GCC_WARN_UNUSED_FUNCTION = YES;
				GCC_WARN_UNUSED_VARIABLE = YES;
				IPHONEOS_DEPLOYMENT_TARGET = 16.4;
				MTL_ENABLE_DEBUG_INFO = INCLUDE_SOURCE;
				MTL_FAST_MATH = YES;
				ONLY_ACTIVE_ARCH = YES;
				SDKROOT = iphoneos;
				SWIFT_ACTIVE_COMPILATION_CONDITIONS = DEBUG;
				SWIFT_OPTIMIZATION_LEVEL = "-Onone";
			};
			name = Debug;
		};
		2DF11C8D2B3AAE4B009D5EE4 /* Release */ = {
			isa = XCBuildConfiguration;
			buildSettings = {
				ALWAYS_SEARCH_USER_PATHS = NO;
				CLANG_ANALYZER_NONNULL = YES;
				CLANG_ANALYZER_NUMBER_OBJECT_CONVERSION = YES_AGGRESSIVE;
				CLANG_CXX_LANGUAGE_STANDARD = "gnu++20";
				CLANG_ENABLE_MODULES = YES;
				CLANG_ENABLE_OBJC_ARC = YES;
				CLANG_ENABLE_OBJC_WEAK = YES;
				CLANG_WARN_BLOCK_CAPTURE_AUTORELEASING = YES;
				CLANG_WARN_BOOL_CONVERSION = YES;
				CLANG_WARN_COMMA = YES;
				CLANG_WARN_CONSTANT_CONVERSION = YES;
				CLANG_WARN_DEPRECATED_OBJC_IMPLEMENTATIONS = YES;
				CLANG_WARN_DIRECT_OBJC_ISA_USAGE = YES_ERROR;
				CLANG_WARN_DOCUMENTATION_COMMENTS = YES;
				CLANG_WARN_EMPTY_BODY = YES;
				CLANG_WARN_ENUM_CONVERSION = YES;
				CLANG_WARN_INFINITE_RECURSION = YES;
				CLANG_WARN_INT_CONVERSION = YES;
				CLANG_WARN_NON_LITERAL_NULL_CONVERSION = YES;
				CLANG_WARN_OBJC_IMPLICIT_RETAIN_SELF = YES;
				CLANG_WARN_OBJC_LITERAL_CONVERSION = YES;
				CLANG_WARN_OBJC_ROOT_CLASS = YES_ERROR;
				CLANG_WARN_QUOTED_INCLUDE_IN_FRAMEWORK_HEADER = YES;
				CLANG_WARN_RANGE_LOOP_ANALYSIS = YES;
				CLANG_WARN_STRICT_PROTOTYPES = YES;
				CLANG_WARN_SUSPICIOUS_MOVE = YES;
				CLANG_WARN_UNGUARDED_AVAILABILITY = YES_AGGRESSIVE;
				CLANG_WARN_UNREACHABLE_CODE = YES;
				CLANG_WARN__DUPLICATE_METHOD_MATCH = YES;
				COPY_PHASE_STRIP = NO;
				DEBUG_INFORMATION_FORMAT = "dwarf-with-dsym";
				ENABLE_NS_ASSERTIONS = NO;
				ENABLE_STRICT_OBJC_MSGSEND = YES;
				GCC_C_LANGUAGE_STANDARD = gnu11;
				GCC_NO_COMMON_BLOCKS = YES;
				GCC_WARN_64_TO_32_BIT_CONVERSION = YES;
				GCC_WARN_ABOUT_RETURN_TYPE = YES_ERROR;
				GCC_WARN_UNDECLARED_SELECTOR = YES;
				GCC_WARN_UNINITIALIZED_AUTOS = YES_AGGRESSIVE;
				GCC_WARN_UNUSED_FUNCTION = YES;
				GCC_WARN_UNUSED_VARIABLE = YES;
				IPHONEOS_DEPLOYMENT_TARGET = 16.4;
				MTL_ENABLE_DEBUG_INFO = NO;
				MTL_FAST_MATH = YES;
				SDKROOT = iphoneos;
				SWIFT_COMPILATION_MODE = wholemodule;
				SWIFT_OPTIMIZATION_LEVEL = "-O";
				VALIDATE_PRODUCT = YES;
			};
			name = Release;
		};
		2DF11C8F2B3AAE4B009D5EE4 /* Debug */ = {
			isa = XCBuildConfiguration;
			buildSettings = {
				ASSETCATALOG_COMPILER_APPICON_NAME = AppIcon;
				ASSETCATALOG_COMPILER_GLOBAL_ACCENT_COLOR_NAME = AccentColor;
				CODE_SIGN_STYLE = Automatic;
				CURRENT_PROJECT_VERSION = 1;
				DEVELOPMENT_TEAM = 7XQ5S28AAV;
				GENERATE_INFOPLIST_FILE = YES;
				INFOPLIST_FILE = PixaBayImageExplorer/Info.plist;
				INFOPLIST_KEY_UIApplicationSupportsIndirectInputEvents = YES;
				INFOPLIST_KEY_UILaunchStoryboardName = LaunchScreen;
				INFOPLIST_KEY_UISupportedInterfaceOrientations_iPad = "UIInterfaceOrientationPortrait UIInterfaceOrientationPortraitUpsideDown UIInterfaceOrientationLandscapeLeft UIInterfaceOrientationLandscapeRight";
				INFOPLIST_KEY_UISupportedInterfaceOrientations_iPhone = "UIInterfaceOrientationPortrait UIInterfaceOrientationLandscapeLeft UIInterfaceOrientationLandscapeRight";
				LD_RUNPATH_SEARCH_PATHS = (
					"$(inherited)",
					"@executable_path/Frameworks",
				);
				MARKETING_VERSION = 1.0;
				PRODUCT_BUNDLE_IDENTIFIER = com.gmail.sophiekopaliani.PixaBayImageExplorer;
				PRODUCT_NAME = "$(TARGET_NAME)";
				SWIFT_EMIT_LOC_STRINGS = YES;
				SWIFT_VERSION = 5.0;
				TARGETED_DEVICE_FAMILY = "1,2";
			};
			name = Debug;
		};
		2DF11C902B3AAE4B009D5EE4 /* Release */ = {
			isa = XCBuildConfiguration;
			buildSettings = {
				ASSETCATALOG_COMPILER_APPICON_NAME = AppIcon;
				ASSETCATALOG_COMPILER_GLOBAL_ACCENT_COLOR_NAME = AccentColor;
				CODE_SIGN_STYLE = Automatic;
				CURRENT_PROJECT_VERSION = 1;
				DEVELOPMENT_TEAM = 7XQ5S28AAV;
				GENERATE_INFOPLIST_FILE = YES;
				INFOPLIST_FILE = PixaBayImageExplorer/Info.plist;
				INFOPLIST_KEY_UIApplicationSupportsIndirectInputEvents = YES;
				INFOPLIST_KEY_UILaunchStoryboardName = LaunchScreen;
				INFOPLIST_KEY_UISupportedInterfaceOrientations_iPad = "UIInterfaceOrientationPortrait UIInterfaceOrientationPortraitUpsideDown UIInterfaceOrientationLandscapeLeft UIInterfaceOrientationLandscapeRight";
				INFOPLIST_KEY_UISupportedInterfaceOrientations_iPhone = "UIInterfaceOrientationPortrait UIInterfaceOrientationLandscapeLeft UIInterfaceOrientationLandscapeRight";
				LD_RUNPATH_SEARCH_PATHS = (
					"$(inherited)",
					"@executable_path/Frameworks",
				);
				MARKETING_VERSION = 1.0;
				PRODUCT_BUNDLE_IDENTIFIER = com.gmail.sophiekopaliani.PixaBayImageExplorer;
				PRODUCT_NAME = "$(TARGET_NAME)";
				SWIFT_EMIT_LOC_STRINGS = YES;
				SWIFT_VERSION = 5.0;
				TARGETED_DEVICE_FAMILY = "1,2";
			};
			name = Release;
		};
/* End XCBuildConfiguration section */

/* Begin XCConfigurationList section */
		2DF11C752B3AAE4A009D5EE4 /* Build configuration list for PBXProject "PixaBayImageExplorer" */ = {
			isa = XCConfigurationList;
			buildConfigurations = (
				2DF11C8C2B3AAE4B009D5EE4 /* Debug */,
				2DF11C8D2B3AAE4B009D5EE4 /* Release */,
			);
			defaultConfigurationIsVisible = 0;
			defaultConfigurationName = Release;
		};
		2DF11C8E2B3AAE4B009D5EE4 /* Build configuration list for PBXNativeTarget "PixaBayImageExplorer" */ = {
			isa = XCConfigurationList;
			buildConfigurations = (
				2DF11C8F2B3AAE4B009D5EE4 /* Debug */,
				2DF11C902B3AAE4B009D5EE4 /* Release */,
			);
			defaultConfigurationIsVisible = 0;
			defaultConfigurationName = Release;
		};
/* End XCConfigurationList section */

/* Begin XCRemoteSwiftPackageReference section */
		2D460B102B3B1E05004E3B35 /* XCRemoteSwiftPackageReference "Resolver" */ = {
			isa = XCRemoteSwiftPackageReference;
			repositoryURL = "https://github.com/hmlongco/Resolver.git";
			requirement = {
				kind = upToNextMajorVersion;
				minimumVersion = 1.0.0;
			};
		};
/* End XCRemoteSwiftPackageReference section */

/* Begin XCSwiftPackageProductDependency section */
		2D460B112B3B1E05004E3B35 /* Resolver */ = {
			isa = XCSwiftPackageProductDependency;
			package = 2D460B102B3B1E05004E3B35 /* XCRemoteSwiftPackageReference "Resolver" */;
			productName = Resolver;
		};
/* End XCSwiftPackageProductDependency section */
	};
	rootObject = 2DF11C722B3AAE4A009D5EE4 /* Project object */;
}
